
Microsoft Visual Studio Solution File, Format Version 12.00
# Visual Studio Version 17
VisualStudioVersion = 17.0.31903.59
MinimumVisualStudioVersion = 10.0.40219.1
Project("{FAE04EC0-301F-11D3-BF4B-00C04F79EFBC}") = "First_Project", "First_Project\First_Project.csproj", "{CA5266E7-354A-43DB-8F5E-E04DA8ECA3E1}"
EndProject
Project("{FAE04EC0-301F-11D3-BF4B-00C04F79EFBC}") = "Lesson_2", "Lesson_2\Lesson_2.csproj", "{01C16953-59F5-45DD-B599-AE046805A62B}"
EndProject
Project("{FAE04EC0-301F-11D3-BF4B-00C04F79EFBC}") = "Lesson_3", "Lesson_3\Lesson_3.csproj", "{0815FFDF-9C30-4F62-8DA1-4D7DC797C498}"
EndProject
Project("{FAE04EC0-301F-11D3-BF4B-00C04F79EFBC}") = "Lesson_4", "Lesson_4\Lesson_4.csproj", "{F41CC246-3928-41C6-9B7D-7C7E2CA17DA9}"
EndProject
Project("{FAE04EC0-301F-11D3-BF4B-00C04F79EFBC}") = "Lesson_5", "Lesson_5\Lesson_5.csproj", "{0C816EE0-7427-4CAA-966E-4DCA37DC1775}"
EndProject
Project("{FAE04EC0-301F-11D3-BF4B-00C04F79EFBC}") = "Lesson_6", "Lesson_6\Lesson_6.csproj", "{F4E3D66D-D022-4BD6-B9DB-2632DFDE6461}"
EndProject
Project("{FAE04EC0-301F-11D3-BF4B-00C04F79EFBC}") = "Lesson_7", "Lesson_7\Lesson_7.csproj", "{48D6E0FD-C835-4326-BB7D-1D28B02D208E}"
EndProject
Global
	GlobalSection(SolutionConfigurationPlatforms) = preSolution
		Debug|Any CPU = Debug|Any CPU
		Release|Any CPU = Release|Any CPU
	EndGlobalSection
	GlobalSection(SolutionProperties) = preSolution
		HideSolutionNode = FALSE
	EndGlobalSection
	GlobalSection(ProjectConfigurationPlatforms) = postSolution
		{CA5266E7-354A-43DB-8F5E-E04DA8ECA3E1}.Debug|Any CPU.ActiveCfg = Debug|Any CPU
		{CA5266E7-354A-43DB-8F5E-E04DA8ECA3E1}.Debug|Any CPU.Build.0 = Debug|Any CPU
		{CA5266E7-354A-43DB-8F5E-E04DA8ECA3E1}.Release|Any CPU.ActiveCfg = Release|Any CPU
		{CA5266E7-354A-43DB-8F5E-E04DA8ECA3E1}.Release|Any CPU.Build.0 = Release|Any CPU
		{01C16953-59F5-45DD-B599-AE046805A62B}.Debug|Any CPU.ActiveCfg = Debug|Any CPU
		{01C16953-59F5-45DD-B599-AE046805A62B}.Debug|Any CPU.Build.0 = Debug|Any CPU
		{01C16953-59F5-45DD-B599-AE046805A62B}.Release|Any CPU.ActiveCfg = Release|Any CPU
		{01C16953-59F5-45DD-B599-AE046805A62B}.Release|Any CPU.Build.0 = Release|Any CPU
		{0815FFDF-9C30-4F62-8DA1-4D7DC797C498}.Debug|Any CPU.ActiveCfg = Debug|Any CPU
		{0815FFDF-9C30-4F62-8DA1-4D7DC797C498}.Debug|Any CPU.Build.0 = Debug|Any CPU
		{0815FFDF-9C30-4F62-8DA1-4D7DC797C498}.Release|Any CPU.ActiveCfg = Release|Any CPU
		{0815FFDF-9C30-4F62-8DA1-4D7DC797C498}.Release|Any CPU.Build.0 = Release|Any CPU
		{F41CC246-3928-41C6-9B7D-7C7E2CA17DA9}.Debug|Any CPU.ActiveCfg = Debug|Any CPU
		{F41CC246-3928-41C6-9B7D-7C7E2CA17DA9}.Debug|Any CPU.Build.0 = Debug|Any CPU
		{F41CC246-3928-41C6-9B7D-7C7E2CA17DA9}.Release|Any CPU.ActiveCfg = Release|Any CPU
		{F41CC246-3928-41C6-9B7D-7C7E2CA17DA9}.Release|Any CPU.Build.0 = Release|Any CPU
		{0C816EE0-7427-4CAA-966E-4DCA37DC1775}.Debug|Any CPU.ActiveCfg = Debug|Any CPU
		{0C816EE0-7427-4CAA-966E-4DCA37DC1775}.Debug|Any CPU.Build.0 = Debug|Any CPU
		{0C816EE0-7427-4CAA-966E-4DCA37DC1775}.Release|Any CPU.ActiveCfg = Release|Any CPU
		{0C816EE0-7427-4CAA-966E-4DCA37DC1775}.Release|Any CPU.Build.0 = Release|Any CPU
		{F4E3D66D-D022-4BD6-B9DB-2632DFDE6461}.Debug|Any CPU.ActiveCfg = Debug|Any CPU
		{F4E3D66D-D022-4BD6-B9DB-2632DFDE6461}.Debug|Any CPU.Build.0 = Debug|Any CPU
		{F4E3D66D-D022-4BD6-B9DB-2632DFDE6461}.Release|Any CPU.ActiveCfg = Release|Any CPU
		{F4E3D66D-D022-4BD6-B9DB-2632DFDE6461}.Release|Any CPU.Build.0 = Release|Any CPU
		{48D6E0FD-C835-4326-BB7D-1D28B02D208E}.Debug|Any CPU.ActiveCfg = Debug|Any CPU
		{48D6E0FD-C835-4326-BB7D-1D28B02D208E}.Debug|Any CPU.Build.0 = Debug|Any CPU
		{48D6E0FD-C835-4326-BB7D-1D28B02D208E}.Release|Any CPU.ActiveCfg = Release|Any CPU
		{48D6E0FD-C835-4326-BB7D-1D28B02D208E}.Release|Any CPU.Build.0 = Release|Any CPU
	EndGlobalSection
EndGlobal
